// !$*UTF8*$!
{
	archiveVersion = 1;
	classes = {
	};
	objectVersion = 56;
	objects = {

/* Begin PBXBuildFile section */
		A1B2C3D400000001 /* FileProvider.framework in Frameworks */ = {isa = PBXBuildFile; fileRef = A1B2C3D400000010 /* FileProvider.framework */; };
		A1B2C3D400000002 /* FileProvider.framework in Frameworks */ = {isa = PBXBuildFile; fileRef = A1B2C3D400000010 /* FileProvider.framework */; };
		A1B2C3D400000003 /* MounterFileProvider.appex in Embed Foundation Extensions */ = {isa = PBXBuildFile; fileRef = A1B2C3D400000020 /* MounterFileProvider.appex */; settings = {ATTRIBUTES = (RemoveHeadersOnCopy, ); }; };
/* End PBXBuildFile section */

/* Begin PBXContainerItemProxy section */
		A1B2C3D400000030 /* PBXContainerItemProxy */ = {
			isa = PBXContainerItemProxy;
			containerPortal = A1B2C3D400000099 /* Project object */;
			proxyType = 1;
			remoteGlobalIDString = A1B2C3D400000041;
			remoteInfo = MounterFileProvider;
		};
/* End PBXContainerItemProxy section */

/* Begin PBXCopyFilesBuildPhase section */
		A1B2C3D400000050 /* Embed Foundation Extensions */ = {
			isa = PBXCopyFilesBuildPhase;
			buildActionMask = 2147483647;
			dstPath = "";
			dstSubfolderSpec = 13;
			files = (
				A1B2C3D400000003 /* MounterFileProvider.appex in Embed Foundation Extensions */,
			);
			name = "Embed Foundation Extensions";
			runOnlyForDeploymentPostprocessing = 0;
		};
/* End PBXCopyFilesBuildPhase section */

/* Begin PBXFileReference section */
		A1B2C3D400000010 /* FileProvider.framework */ = {isa = PBXFileReference; lastKnownFileType = wrapper.framework; name = FileProvider.framework; path = System/Library/Frameworks/FileProvider.framework; sourceTree = SDKROOT; };
		A1B2C3D400000011 /* Mounter.app */ = {isa = PBXFileReference; explicitFileType = wrapper.application; includeInIndex = 0; path = Mounter.app; sourceTree = BUILT_PRODUCTS_DIR; };
		A1B2C3D400000020 /* MounterFileProvider.appex */ = {isa = PBXFileReference; explicitFileType = "wrapper.app-extension"; includeInIndex = 0; path = MounterFileProvider.appex; sourceTree = BUILT_PRODUCTS_DIR; };
		A1B2C3D400000012 /* Info.plist */ = {isa = PBXFileReference; lastKnownFileType = text.plist.xml; path = Info.plist; sourceTree = "<group>"; };
		A1B2C3D400000013 /* Mounter.entitlements */ = {isa = PBXFileReference; lastKnownFileType = text.plist.entitlements; path = Mounter.entitlements; sourceTree = "<group>"; };
		A1B2C3D400000022 /* Info.plist */ = {isa = PBXFileReference; lastKnownFileType = text.plist.xml; path = Info.plist; sourceTree = "<group>"; };
		A1B2C3D400000023 /* MounterFileProvider.entitlements */ = {isa = PBXFileReference; lastKnownFileType = text.plist.entitlements; path = MounterFileProvider.entitlements; sourceTree = "<group>"; };
/* End PBXFileReference section */

/* Begin PBXFrameworksBuildPhase section */
		A1B2C3D400000060 /* Frameworks */ = {
			isa = PBXFrameworksBuildPhase;
			buildActionMask = 2147483647;
			files = (
				A1B2C3D400000001 /* FileProvider.framework in Frameworks */,
			);
			runOnlyForDeploymentPostprocessing = 0;
		};
		A1B2C3D400000061 /* Frameworks */ = {
			isa = PBXFrameworksBuildPhase;
			buildActionMask = 2147483647;
			files = (
				A1B2C3D400000002 /* FileProvider.framework in Frameworks */,
			);
			runOnlyForDeploymentPostprocessing = 0;
		};
/* End PBXFrameworksBuildPhase section */

/* Begin PBXGroup section */
		A1B2C3D400000070 /* = BEGIN listing groups = */ = {
			isa = PBXGroup;
			children = (
				A1B2C3D400000071 /* Mounter */,
				A1B2C3D400000072 /* MounterFileProvider */,
				A1B2C3D400000073 /* Shared */,
				A1B2C3D400000074 /* Frameworks */,
				A1B2C3D400000075 /* Products */,
			);
			sourceTree = "<group>";
		};
		A1B2C3D400000071 /* Mounter */ = {
			isa = PBXGroup;
			children = (
				A1B2C3D400000012 /* Info.plist */,
				A1B2C3D400000013 /* Mounter.entitlements */,
			);
			path = Mounter;
			sourceTree = "<group>";
		};
		A1B2C3D400000072 /* MounterFileProvider */ = {
			isa = PBXGroup;
			children = (
				A1B2C3D400000022 /* Info.plist */,
				A1B2C3D400000023 /* MounterFileProvider.entitlements */,
			);
			path = MounterFileProvider;
			sourceTree = "<group>";
		};
		A1B2C3D400000073 /* Shared */ = {
			isa = PBXGroup;
			children = (
			);
			path = Shared;
			sourceTree = "<group>";
		};
		A1B2C3D400000074 /* Frameworks */ = {
			isa = PBXGroup;
			children = (
				A1B2C3D400000010 /* FileProvider.framework */,
			);
			name = Frameworks;
			sourceTree = "<group>";
		};
		A1B2C3D400000075 /* Products */ = {
			isa = PBXGroup;
			children = (
				A1B2C3D400000011 /* Mounter.app */,
				A1B2C3D400000020 /* MounterFileProvider.appex */,
			);
			name = Products;
			sourceTree = "<group>";
		};
/* End PBXGroup section */

/* Begin PBXNativeTarget section */
		A1B2C3D400000040 /* Mounter */ = {
			isa = PBXNativeTarget;
			buildConfigurationList = A1B2C3D400000080 /* Build configuration list for PBXNativeTarget "Mounter" */;
			buildPhases = (
				A1B2C3D400000060 /* Frameworks */,
				A1B2C3D400000050 /* Embed Foundation Extensions */,
			);
			buildRules = (
			);
			dependencies = (
				A1B2C3D400000031 /* PBXTargetDependency */,
			);
			name = Mounter;
			productName = Mounter;
			productReference = A1B2C3D400000011 /* Mounter.app */;
			productType = "com.apple.product-type.application";
		};
		A1B2C3D400000041 /* MounterFileProvider */ = {
			isa = PBXNativeTarget;
			buildConfigurationList = A1B2C3D400000081 /* Build configuration list for PBXNativeTarget "MounterFileProvider" */;
			buildPhases = (
				A1B2C3D400000061 /* Frameworks */,
			);
			buildRules = (
			);
			dependencies = (
			);
			name = MounterFileProvider;
			productName = MounterFileProvider;
			productReference = A1B2C3D400000020 /* MounterFileProvider.appex */;
			productType = "com.apple.product-type.app-extension";
		};
/* End PBXNativeTarget section */

/* Begin PBXProject section */
		A1B2C3D400000099 /* Project object */ = {
			isa = PBXProject;
			attributes = {
				BuildIndependentTargetsInParallel = 1;
				LastSwiftUpdateCheck = 1500;
				LastUpgradeCheck = 1500;
				TargetAttributes = {
					A1B2C3D400000040 = {
						CreatedOnToolsVersion = 15.0;
					};
					A1B2C3D400000041 = {
						CreatedOnToolsVersion = 15.0;
					};
				};
			};
			buildConfigurationList = A1B2C3D400000082 /* Build configuration list for PBXProject "Mounter" */;
			compatibilityVersion = "Xcode 14.0";
			developmentRegion = en;
			hasScannedForEncodings = 0;
			knownRegions = (
				en,
				Base,
			);
			mainGroup = A1B2C3D400000070;
			productRefGroup = A1B2C3D400000075 /* Products */;
			projectDirPath = "";
			projectRoot = "";
			targets = (
				A1B2C3D400000040 /* Mounter */,
				A1B2C3D400000041 /* MounterFileProvider */,
			);
		};
/* End PBXProject section */

/* Begin PBXTargetDependency section */
		A1B2C3D400000031 /* PBXTargetDependency */ = {
			isa = PBXTargetDependency;
			target = A1B2C3D400000041 /* MounterFileProvider */;
			targetProxy = A1B2C3D400000030 /* PBXContainerItemProxy */;
		};
/* End PBXTargetDependency section */

/* Begin XCBuildConfiguration section */
		A1B2C3D4000000A0 /* Debug */ = {
			isa = XCBuildConfiguration;
			buildSettings = {
				ALWAYS_SEARCH_USER_PATHS = NO;
				CLANG_ENABLE_MODULES = YES;
				CODE_SIGN_STYLE = Automatic;
				COPY_PHASE_STRIP = NO;
				DEBUG_INFORMATION_FORMAT = dwarf;
				GCC_OPTIMIZATION_LEVEL = 0;
				MACOSX_DEPLOYMENT_TARGET = 13.0;
				MTL_ENABLE_DEBUG_INFO = INCLUDE_SOURCE;
				ONLY_ACTIVE_ARCH = YES;
				SDKROOT = macosx;
				SWIFT_ACTIVE_COMPILATION_CONDITIONS = DEBUG;
				SWIFT_OPTIMIZATION_LEVEL = "-Onone";
				SWIFT_VERSION = 5.0;
			};
			name = Debug;
		};
		A1B2C3D4000000A1 /* Release */ = {
			isa = XCBuildConfiguration;
			buildSettings = {
				ALWAYS_SEARCH_USER_PATHS = NO;
				CLANG_ENABLE_MODULES = YES;
				CODE_SIGN_STYLE = Automatic;
				COPY_PHASE_STRIP = NO;
				DEBUG_INFORMATION_FORMAT = "dwarf-with-dsym";
				ENABLE_NS_ASSERTIONS = NO;
				GCC_OPTIMIZATION_LEVEL = s;
				MACOSX_DEPLOYMENT_TARGET = 13.0;
				MTL_ENABLE_DEBUG_INFO = NO;
				SDKROOT = macosx;
				SWIFT_COMPILATION_MODE = wholemodule;
				SWIFT_OPTIMIZATION_LEVEL = "-O";
				SWIFT_VERSION = 5.0;
			};
			name = Release;
		};
		A1B2C3D4000000B0 /* Debug */ = {
			isa = XCBuildConfiguration;
			buildSettings = {
				CODE_SIGN_ENTITLEMENTS = Mounter/Mounter.entitlements;
				CODE_SIGN_IDENTITY = "Apple Development";
				CODE_SIGN_STYLE = Automatic;
				COMBINE_HIDPI_IMAGES = YES;
				DEVELOPMENT_TEAM = "";
				INFOPLIST_FILE = Mounter/Info.plist;
				LD_RUNPATH_SEARCH_PATHS = (
					"$(inherited)",
					"@executable_path/../Frameworks",
				);
				PRODUCT_BUNDLE_IDENTIFIER = se.lohnn.mounter;
				PRODUCT_NAME = "$(TARGET_NAME)";
				SWIFT_VERSION = 5.0;
			};
			name = Debug;
		};
		A1B2C3D4000000B1 /* Release */ = {
			isa = XCBuildConfiguration;
			buildSettings = {
				CODE_SIGN_ENTITLEMENTS = Mounter/Mounter.entitlements;
				CODE_SIGN_IDENTITY = "Apple Development";
				CODE_SIGN_STYLE = Automatic;
				COMBINE_HIDPI_IMAGES = YES;
				DEVELOPMENT_TEAM = "";
				INFOPLIST_FILE = Mounter/Info.plist;
				LD_RUNPATH_SEARCH_PATHS = (
					"$(inherited)",
					"@executable_path/../Frameworks",
				);
				PRODUCT_BUNDLE_IDENTIFIER = se.lohnn.mounter;
				PRODUCT_NAME = "$(TARGET_NAME)";
				SWIFT_VERSION = 5.0;
			};
			name = Release;
		};
		A1B2C3D4000000C0 /* Debug */ = {
			isa = XCBuildConfiguration;
			buildSettings = {
				CODE_SIGN_ENTITLEMENTS = MounterFileProvider/MounterFileProvider.entitlements;
				CODE_SIGN_IDENTITY = "Apple Development";
				CODE_SIGN_STYLE = Automatic;
				DEVELOPMENT_TEAM = "";
				INFOPLIST_FILE = MounterFileProvider/Info.plist;
				LD_RUNPATH_SEARCH_PATHS = (
					"$(inherited)",
					"@executable_path/../Frameworks",
					"@executable_path/../../../../Frameworks",
				);
				PRODUCT_BUNDLE_IDENTIFIER = se.lohnn.mounter.fileprovider;
				PRODUCT_NAME = "$(TARGET_NAME)";
				SKIP_INSTALL = YES;
				SWIFT_VERSION = 5.0;
			};
			name = Debug;
		};
		A1B2C3D4000000C1 /* Release */ = {
			isa = XCBuildConfiguration;
			buildSettings = {
				CODE_SIGN_ENTITLEMENTS = MounterFileProvider/MounterFileProvider.entitlements;
				CODE_SIGN_IDENTITY = "Apple Development";
				CODE_SIGN_STYLE = Automatic;
				DEVELOPMENT_TEAM = "";
				INFOPLIST_FILE = MounterFileProvider/Info.plist;
				LD_RUNPATH_SEARCH_PATHS = (
					"$(inherited)",
					"@executable_path/../Frameworks",
					"@executable_path/../../../../Frameworks",
				);
				PRODUCT_BUNDLE_IDENTIFIER = se.lohnn.mounter.fileprovider;
				PRODUCT_NAME = "$(TARGET_NAME)";
				SKIP_INSTALL = YES;
				SWIFT_VERSION = 5.0;
			};
			name = Release;
		};
/* End XCBuildConfiguration section */

/* Begin XCConfigurationList section */
		A1B2C3D400000082 /* Build configuration list for PBXProject "Mounter" */ = {
			isa = XCConfigurationList;
			buildConfigurations = (
				A1B2C3D4000000A0 /* Debug */,
				A1B2C3D4000000A1 /* Release */,
			);
			defaultConfigurationIsVisible = 0;
			defaultConfigurationName = Release;
		};
		A1B2C3D400000080 /* Build configuration list for PBXNativeTarget "Mounter" */ = {
			isa = XCConfigurationList;
			buildConfigurations = (
				A1B2C3D4000000B0 /* Debug */,
				A1B2C3D4000000B1 /* Release */,
			);
			defaultConfigurationIsVisible = 0;
			defaultConfigurationName = Release;
		};
		A1B2C3D400000081 /* Build configuration list for PBXNativeTarget "MounterFileProvider" */ = {
			isa = XCConfigurationList;
			buildConfigurations = (
				A1B2C3D4000000C0 /* Debug */,
				A1B2C3D4000000C1 /* Release */,
			);
			defaultConfigurationIsVisible = 0;
			defaultConfigurationName = Release;
		};
/* End XCConfigurationList section */
	};
	rootObject = A1B2C3D400000099 /* Project object */;
}
